
Microsoft Visual Studio Solution File, Format Version 12.00
# Visual Studio Version 16
VisualStudioVersion = 16.0.29509.3
MinimumVisualStudioVersion = 10.0.40219.1
Project("{FAE04EC0-301F-11D3-BF4B-00C04F79EFBC}") = "CadastroFuncionariosGcm", "CadastroFuncionariosGcm\CadastroFuncionariosGcm.csproj", "{0152979D-F420-404A-AA54-7AF1CEA36BD4}"
EndProject
Global
	GlobalSection(SolutionConfigurationPlatforms) = preSolution
		Debug|Any CPU = Debug|Any CPU
		Release|Any CPU = Release|Any CPU
	EndGlobalSection
	GlobalSection(ProjectConfigurationPlatforms) = postSolution
		{0152979D-F420-404A-AA54-7AF1CEA36BD4}.Debug|Any CPU.ActiveCfg = Debug|Any CPU
		{0152979D-F420-404A-AA54-7AF1CEA36BD4}.Debug|Any CPU.Build.0 = Debug|Any CPU
		{0152979D-F420-404A-AA54-7AF1CEA36BD4}.Release|Any CPU.ActiveCfg = Release|Any CPU
		{0152979D-F420-404A-AA54-7AF1CEA36BD4}.Release|Any CPU.Build.0 = Release|Any CPU
	EndGlobalSection
	GlobalSection(SolutionProperties) = preSolution
		HideSolutionNode = FALSE
	EndGlobalSection
	GlobalSection(ExtensibilityGlobals) = postSolution
		SolutionGuid = {CE33038A-08F2-4643-9C1D-F324E30B3D0E}
	EndGlobalSection
EndGlobal
